// !$*UTF8*$!
{
	archiveVersion = 1;
	classes = {
	};
	objectVersion = 45;
	objects = {

/* Begin PBXBuildFile section */
		25BB4F5A4178410E21BD2344 /* EchoServer.cpp in Sources */ = {isa = PBXBuildFile; fileRef = 696B009A0C30303B02A34288 /* EchoServer.cpp */; };
		2B3E14E1507C1A2A4D5E6C29 /* libclsocket.a in Frameworks */ = {isa = PBXBuildFile; fileRef = 20472BB714C2537363D20CB4 /* libclsocket.a */; };
/* End PBXBuildFile section */

/* Begin PBXContainerItemProxy section */
		7E2C1A4A1252618856572115 /* PBXContainerItemProxy */ = {
			isa = PBXContainerItemProxy;
			containerPortal = 3708044A4CA23058735E4686 /* clsocket.xcodeproj */;
			proxyType = 2;
			remoteGlobalIDString = 2EAF7703767B33F07B0A5353;
			remoteInfo = "libclsocket_xcode4_x64_release.a";
		};
		264511A0359561C77FC8549F /* PBXContainerItemProxy */ = {
			isa = PBXContainerItemProxy;
			containerPortal = 3708044A4CA23058735E4686 /* clsocket.xcodeproj */;
			proxyType = 1;
			remoteGlobalIDString = 178E1C182045477959D61FF9;
			remoteInfo = "libclsocket_xcode4_x64_release.a";
		};
/* End PBXContainerItemProxy section */

/* Begin PBXFileReference section */
		696B009A0C30303B02A34288 /* EchoServer.cpp */ = {isa = PBXFileReference; lastKnownFileType = sourcecode.cpp.cpp; name = "EchoServer.cpp"; path = "../../test/clsocket/EchoServer.cpp"; sourceTree = "<group>"; };
		3F751B3F7BE44C5C2D0F5D79 /* Test_clsocket_EchoServer_xcode4_x64_release */ = {isa = PBXFileReference; explicitFileType = "compiled.mach-o.executable"; includeInIndex = 0; name = "Test_clsocket_EchoServer_xcode4_x64_release"; path = "Test_clsocket_EchoServer_xcode4_x64_release"; sourceTree = BUILT_PRODUCTS_DIR; };
		3708044A4CA23058735E4686 /* clsocket.xcodeproj */ = {isa = PBXFileReference; lastKnownFileType = "wrapper.pb-project"; name = "clsocket.xcodeproj"; path = "clsocket.xcodeproj"; sourceTree = SOURCE_ROOT; };
/* End PBXFileReference section */

/* Begin PBXFrameworksBuildPhase section */
		532606DB4CDB7EE70DE95A2D /* Frameworks */ = {
			isa = PBXFrameworksBuildPhase;
			buildActionMask = 2147483647;
			files = (
				2B3E14E1507C1A2A4D5E6C29 /* libclsocket.a in Frameworks */,
			);
			runOnlyForDeploymentPostprocessing = 0;
		};
/* End PBXFrameworksBuildPhase section */

/* Begin PBXGroup section */
		6B865BCC480026C96C4342EE /* Test_clsocket_EchoServer */ = {
			isa = PBXGroup;
			children = (
				1C2C206156475359234B1FF4 /* test */,
				5C2D137304A324E73E907EB1 /* Products */,
				398562BA229514C9303E54FD /* Projects */,
			);
			name = "Test_clsocket_EchoServer";
			sourceTree = "<group>";
		};
		1C2C206156475359234B1FF4 /* test */ = {
			isa = PBXGroup;
			children = (
				667934E53428655F620344A5 /* clsocket */,
			);
			name = "test";
			sourceTree = "<group>";
		};
		667934E53428655F620344A5 /* clsocket */ = {
			isa = PBXGroup;
			children = (
				696B009A0C30303B02A34288 /* EchoServer.cpp */,
			);
			name = "clsocket";
			sourceTree = "<group>";
		};
		5C2D137304A324E73E907EB1 /* Products */ = {
			isa = PBXGroup;
			children = (
				3F751B3F7BE44C5C2D0F5D79 /* Test_clsocket_EchoServer_xcode4_x64_release */,
			);
			name = "Products";
			sourceTree = "<group>";
		};
		398562BA229514C9303E54FD /* Projects */ = {
			isa = PBXGroup;
			children = (
				3708044A4CA23058735E4686 /* clsocket.xcodeproj */,
			);
			name = "Projects";
			sourceTree = "<group>";
		};
		158D6CCA58B21823421D32DD /* Products */ = {
			isa = PBXGroup;
			children = (
				20472BB714C2537363D20CB4 /* libclsocket.a */,
			);
			name = Products;
			sourceTree = "<group>";
		};
/* End PBXGroup section */

/* Begin PBXNativeTarget section */
		500329BE09F5408501DC3A46 /* Test_clsocket_EchoServer */ = {
			isa = PBXNativeTarget;
			buildConfigurationList = 7F8C70F240F112D8521E3E45 /* Build configuration list for PBXNativeTarget "Test_clsocket_EchoServer" */;
			buildPhases = (
				3CC961CC24493AC446531BC2 /* Resources */,
				141A370D4F4572846BD71395 /* Sources */,
				532606DB4CDB7EE70DE95A2D /* Frameworks */,
			);
			buildRules = (
			);
			dependencies = (
				52001673172308F532107812 /* PBXTargetDependency */,
			);
			name = "Test_clsocket_EchoServer";
			productInstallPath = "$(HOME)/bin";
			productName = "Test_clsocket_EchoServer";
			productReference = 3F751B3F7BE44C5C2D0F5D79 /* Test_clsocket_EchoServer_xcode4_x64_release */;
			productType = "com.apple.product-type.tool";
		};
/* End PBXNativeTarget section */

/* Begin PBXProject section */
		08FB7793FE84155DC02AAC07 /* Project object */ = {
			isa = PBXProject;
			buildConfigurationList = 1DEB928908733DD80010E9CD /* Build configuration list for PBXProject "Test_clsocket_EchoServer" */;
			compatibilityVersion = "Xcode 3.2";
			hasScannedForEncodings = 1;
			mainGroup = 6B865BCC480026C96C4342EE /* Test_clsocket_EchoServer */;
			projectDirPath = "";
			projectReferences = (
				{
					ProductGroup = 158D6CCA58B21823421D32DD /* Products */;
					ProjectRef = 3708044A4CA23058735E4686 /* clsocket.xcodeproj */;
				},
			);
			projectRoot = "";
			targets = (
				500329BE09F5408501DC3A46 /* Test_clsocket_EchoServer_xcode4_x64_release */,
			);
		};
/* End PBXProject section */

/* Begin PBXReferenceProxy section */
		20472BB714C2537363D20CB4 /* libclsocket.a */ = {
			isa = PBXReferenceProxy;
			fileType = archive.ar;
			path = "../../bin/libclsocket.a";
			remoteRef = 7E2C1A4A1252618856572115 /* PBXContainerItemProxy */;
			sourceTree = BUILT_PRODUCTS_DIR;
		};
/* End PBXReferenceProxy section */

/* Begin PBXResourcesBuildPhase section */
		3CC961CC24493AC446531BC2 /* Resources */ = {
			isa = PBXResourcesBuildPhase;
			buildActionMask = 2147483647;
			files = (
			);
			runOnlyForDeploymentPostprocessing = 0;
		};
/* End PBXResourcesBuildPhase section */

/* Begin PBXSourcesBuildPhase section */
		141A370D4F4572846BD71395 /* Sources */ = {
			isa = PBXSourcesBuildPhase;
			buildActionMask = 2147483647;
			files = (
				25BB4F5A4178410E21BD2344 /* EchoServer.cpp in Sources */,
			);
			runOnlyForDeploymentPostprocessing = 0;
		};
/* End PBXSourcesBuildPhase section */

/* Begin PBXVariantGroup section */
/* End PBXVariantGroup section */

/* Begin PBXTargetDependency section */
		52001673172308F532107812 /* PBXTargetDependency */ = {
			isa = PBXTargetDependency;
			name = "libclsocket.a";
			targetProxy = 264511A0359561C77FC8549F /* PBXContainerItemProxy */;
		};
/* End PBXTargetDependency section */

/* Begin XCBuildConfiguration section */
		4F145ECD680F4A444F976131 /* Release */ = {
			isa = XCBuildConfiguration;
			buildSettings = {
				ARCHS = "$(ARCHS_STANDARD_64_BIT)";
				VALID_ARCHS = "x86_64";
				ALWAYS_SEARCH_USER_PATHS = NO;
				DEBUG_INFORMATION_FORMAT = "dwarf-with-dsym";
				CONFIGURATION_BUILD_DIR = "../../bin";
				GCC_DYNAMIC_NO_PIC = NO;
				GCC_MODEL_TUNING = G5;
				INSTALL_PATH = /usr/local/bin;
				PRODUCT_NAME = "Test_clsocket_EchoServer_xcode4_x64_release";
			};
			name = "Release";
		};
		566139F13702044B65FE20DE /* Debug */ = {
			isa = XCBuildConfiguration;
			buildSettings = {
				ARCHS = "$(ARCHS_STANDARD_64_BIT)";
				VALID_ARCHS = "x86_64";
				ALWAYS_SEARCH_USER_PATHS = NO;
				CONFIGURATION_BUILD_DIR = "../../bin";
				GCC_DYNAMIC_NO_PIC = NO;
				GCC_MODEL_TUNING = G5;
				INSTALL_PATH = /usr/local/bin;
				PRODUCT_NAME = "Test_clsocket_EchoServer_xcode4_x64_debug";
			};
			name = "Debug";
		};
		12F403E3619273CA59B30E48 /* Release */ = {
			isa = XCBuildConfiguration;
			buildSettings = {
				ARCHS = "$(ARCHS_STANDARD_64_BIT)";
				VALID_ARCHS = "x86_64";
				SDKROOT = macosx;
				ARCHS = "x86_64";
				CONFIGURATION_BUILD_DIR = "$(SYMROOT)";
				CONFIGURATION_TEMP_DIR = "$(OBJROOT)";
				GCC_C_LANGUAGE_STANDARD = gnu99;
				GCC_OPTIMIZATION_LEVEL = s;
				GCC_PREPROCESSOR_DEFINITIONS = (
					"_DARWIN",
				);
				GCC_SYMBOLS_PRIVATE_EXTERN = NO;
				GCC_WARN_ABOUT_RETURN_TYPE = YES;
				GCC_WARN_UNUSED_VARIABLE = YES;
				HEADER_SEARCH_PATHS = (
					"../../examples/ThirdPartyLibs/clsocket/src",
				);
				OBJROOT = "obj/x64/Release/Test_clsocket_EchoServer";
				ONLY_ACTIVE_ARCH = NO;
				OTHER_CFLAGS = (
					"-ffast-math",
				);
				STANDARD_C_PLUS_PLUS_LIBRARY_TYPE = static;
				SYMROOT = "../../bin";
			};
			name = "Release";
		};
		066823B8209D258C0C5E0E5F /* Debug */ = {
			isa = XCBuildConfiguration;
			buildSettings = {
				ARCHS = "$(ARCHS_STANDARD_64_BIT)";
				VALID_ARCHS = "x86_64";
				SDKROOT = macosx;
				ARCHS = "x86_64";
				CONFIGURATION_BUILD_DIR = "$(SYMROOT)";
				CONFIGURATION_TEMP_DIR = "$(OBJROOT)";
				COPY_PHASE_STRIP = NO;
				GCC_C_LANGUAGE_STANDARD = gnu99;
				GCC_OPTIMIZATION_LEVEL = 0;
				GCC_PREPROCESSOR_DEFINITIONS = (
					"_DEBUG=1",
					"_DARWIN",
				);
				GCC_SYMBOLS_PRIVATE_EXTERN = NO;
				GCC_WARN_ABOUT_RETURN_TYPE = YES;
				GCC_WARN_UNUSED_VARIABLE = YES;
				HEADER_SEARCH_PATHS = (
					"../../examples/ThirdPartyLibs/clsocket/src",
				);
				OBJROOT = "obj/x64/Debug/Test_clsocket_EchoServer";
				ONLY_ACTIVE_ARCH = YES;
				OTHER_CFLAGS = (
					"-ffast-math",
				);
				STANDARD_C_PLUS_PLUS_LIBRARY_TYPE = static;
				SYMROOT = "../../bin";
			};
			name = "Debug";
		};
/* End XCBuildConfiguration section */

/* Begin XCConfigurationList section */
		7F8C70F240F112D8521E3E45 /* Build configuration list for PBXNativeTarget "Test_clsocket_EchoServer_xcode4_x64_release" */ = {
			isa = XCConfigurationList;
			buildConfigurations = (
				4F145ECD680F4A444F976131 /* Release */,
				566139F13702044B65FE20DE /* Debug */,
			);
			defaultConfigurationIsVisible = 0;
			defaultConfigurationName = "Release";
		};
		1DEB928908733DD80010E9CD /* Build configuration list for PBXProject "Test_clsocket_EchoServer" */ = {
			isa = XCConfigurationList;
			buildConfigurations = (
				12F403E3619273CA59B30E48 /* Release */,
				066823B8209D258C0C5E0E5F /* Debug */,
			);
			defaultConfigurationIsVisible = 0;
			defaultConfigurationName = "Release";
		};
/* End XCConfigurationList section */

	};
	rootObject = 08FB7793FE84155DC02AAC07 /* Project object */;
}
